
Microsoft Visual Studio Solution File, Format Version 12.00
# Visual Studio Version 17
VisualStudioVersion = 17.6.33723.286
MinimumVisualStudioVersion = 10.0.40219.1
Project("{E24C65DC-7377-472B-9ABA-BC803B73C61A}") = "Comp Sci", "http://localhost:53233", "{60C52813-882F-4022-AEE0-30E416200DE0}"
	ProjectSection(WebsiteProperties) = preProject
		UseIISExpress = "true"
		TargetFrameworkMoniker = ".NETFramework,Version%3Dv4.8"
		Debug.AspNetCompiler.VirtualPath = "/localhost_53233"
		Debug.AspNetCompiler.PhysicalPath = "..\..\..\OneDrive\문서\My Web Sites\Comp Sci\"
		Debug.AspNetCompiler.TargetPath = "PrecompiledWeb\localhost_53233\"
		Debug.AspNetCompiler.Updateable = "true"
		Debug.AspNetCompiler.ForceOverwrite = "true"
		Debug.AspNetCompiler.FixedNames = "false"
		Debug.AspNetCompiler.Debug = "True"
		Release.AspNetCompiler.VirtualPath = "/localhost_53233"
		Release.AspNetCompiler.PhysicalPath = "..\..\..\OneDrive\문서\My Web Sites\Comp Sci\"
		Release.AspNetCompiler.TargetPath = "PrecompiledWeb\localhost_53233\"
		Release.AspNetCompiler.Updateable = "true"
		Release.AspNetCompiler.ForceOverwrite = "true"
		Release.AspNetCompiler.FixedNames = "false"
		Release.AspNetCompiler.Debug = "False"
		SlnRelativePath = "..\..\..\OneDrive\문서\My Web Sites\Comp Sci\"
	EndProjectSection
EndProject
Global
	GlobalSection(SolutionConfigurationPlatforms) = preSolution
		Debug|Any CPU = Debug|Any CPU
	EndGlobalSection
	GlobalSection(ProjectConfigurationPlatforms) = postSolution
		{60C52813-882F-4022-AEE0-30E416200DE0}.Debug|Any CPU.ActiveCfg = Debug|Any CPU
		{60C52813-882F-4022-AEE0-30E416200DE0}.Debug|Any CPU.Build.0 = Debug|Any CPU
	EndGlobalSection
	GlobalSection(SolutionProperties) = preSolution
		HideSolutionNode = FALSE
	EndGlobalSection
	GlobalSection(ExtensibilityGlobals) = postSolution
		SolutionGuid = {B754812B-4DF9-49B1-A639-34993420D8AC}
	EndGlobalSection
EndGlobal
